
Microsoft Visual Studio Solution File, Format Version 12.00
# Visual Studio Version 17
VisualStudioVersion = 17.14.36616.10 d17.14
MinimumVisualStudioVersion = 10.0.40219.1
Project("{FAE04EC0-301F-11D3-BF4B-00C04F79EFBC}") = "ReadingProducer", "ReadingProducer.csproj", "{3FC0292B-2E21-41B1-A5F2-E54DBAC6ED60}"
EndProject
Global
	GlobalSection(SolutionConfigurationPlatforms) = preSolution
		Debug|Any CPU = Debug|Any CPU
		Release|Any CPU = Release|Any CPU
	EndGlobalSection
	GlobalSection(ProjectConfigurationPlatforms) = postSolution
		{3FC0292B-2E21-41B1-A5F2-E54DBAC6ED60}.Debug|Any CPU.ActiveCfg = Debug|Any CPU
		{3FC0292B-2E21-41B1-A5F2-E54DBAC6ED60}.Debug|Any CPU.Build.0 = Debug|Any CPU
		{3FC0292B-2E21-41B1-A5F2-E54DBAC6ED60}.Release|Any CPU.ActiveCfg = Release|Any CPU
		{3FC0292B-2E21-41B1-A5F2-E54DBAC6ED60}.Release|Any CPU.Build.0 = Release|Any CPU
	EndGlobalSection
	GlobalSection(SolutionProperties) = preSolution
		HideSolutionNode = FALSE
	EndGlobalSection
	GlobalSection(ExtensibilityGlobals) = postSolution
		SolutionGuid = {76F80515-90E4-4026-9857-673C07D472C8}
	EndGlobalSection
EndGlobal
